
Microsoft Visual Studio Solution File, Format Version 12.00
# Visual Studio Version 16
VisualStudioVersion = 16.0.31911.196
MinimumVisualStudioVersion = 10.0.40219.1
Project("{FAE04EC0-301F-11D3-BF4B-00C04F79EFBC}") = "TaskList", "TaskList\TaskList.csproj", "{045E2D1C-5AB3-4E9C-A411-BA118FC16804}"
EndProject
Global
	GlobalSection(SolutionConfigurationPlatforms) = preSolution
		Debug|Any CPU = Debug|Any CPU
		Release|Any CPU = Release|Any CPU
	EndGlobalSection
	GlobalSection(ProjectConfigurationPlatforms) = postSolution
		{045E2D1C-5AB3-4E9C-A411-BA118FC16804}.Debug|Any CPU.ActiveCfg = Debug|Any CPU
		{045E2D1C-5AB3-4E9C-A411-BA118FC16804}.Debug|Any CPU.Build.0 = Debug|Any CPU
		{045E2D1C-5AB3-4E9C-A411-BA118FC16804}.Release|Any CPU.ActiveCfg = Release|Any CPU
		{045E2D1C-5AB3-4E9C-A411-BA118FC16804}.Release|Any CPU.Build.0 = Release|Any CPU
	EndGlobalSection
	GlobalSection(SolutionProperties) = preSolution
		HideSolutionNode = FALSE
	EndGlobalSection
	GlobalSection(ExtensibilityGlobals) = postSolution
		SolutionGuid = {F1ED56CF-AD5D-4DBF-A5DF-553FF30B25B3}
	EndGlobalSection
EndGlobal
